
Microsoft Visual Studio Solution File, Format Version 12.00
# Visual Studio Version 16
VisualStudioVersion = 16.0.30711.63
MinimumVisualStudioVersion = 10.0.40219.1
Project("{FAE04EC0-301F-11D3-BF4B-00C04F79EFBC}") = "Square area", "Square area.csproj", "{D16E6D17-35CD-49A2-8383-BA43D2AA6EF8}"
EndProject
Global
	GlobalSection(SolutionConfigurationPlatforms) = preSolution
		Debug|Any CPU = Debug|Any CPU
		Release|Any CPU = Release|Any CPU
	EndGlobalSection
	GlobalSection(ProjectConfigurationPlatforms) = postSolution
		{D16E6D17-35CD-49A2-8383-BA43D2AA6EF8}.Debug|Any CPU.ActiveCfg = Debug|Any CPU
		{D16E6D17-35CD-49A2-8383-BA43D2AA6EF8}.Debug|Any CPU.Build.0 = Debug|Any CPU
		{D16E6D17-35CD-49A2-8383-BA43D2AA6EF8}.Release|Any CPU.ActiveCfg = Release|Any CPU
		{D16E6D17-35CD-49A2-8383-BA43D2AA6EF8}.Release|Any CPU.Build.0 = Release|Any CPU
	EndGlobalSection
	GlobalSection(SolutionProperties) = preSolution
		HideSolutionNode = FALSE
	EndGlobalSection
	GlobalSection(ExtensibilityGlobals) = postSolution
		SolutionGuid = {B1693DFA-5A4E-4643-A1ED-62E90813F2BD}
	EndGlobalSection
EndGlobal
