
Microsoft Visual Studio Solution File, Format Version 12.00
# Visual Studio Version 16
VisualStudioVersion = 16.0.31105.61
MinimumVisualStudioVersion = 10.0.40219.1
Project("{9A19103F-16F7-4668-BE54-9A1E7A4F7556}") = "Softuni 21.05.21", "Softuni 21.05.21.csproj", "{181C6333-F151-49EE-8849-B25ED1030001}"
EndProject
Project("{9A19103F-16F7-4668-BE54-9A1E7A4F7556}") = "Division", "..\Division\Division.csproj", "{31AE1E7E-4987-4FA4-8B2C-B4F8E4A04611}"
EndProject
Project("{9A19103F-16F7-4668-BE54-9A1E7A4F7556}") = "Vacatrion", "..\Vacatrion\Vacatrion.csproj", "{0237FB58-A870-481A-B957-FC67B6462B71}"
EndProject
Project("{9A19103F-16F7-4668-BE54-9A1E7A4F7556}") = "Print and sum", "..\Print and sum\Print and sum.csproj", "{A00EAFBE-60F0-46E3-96F5-8A0642DE88B4}"
EndProject
Project("{9A19103F-16F7-4668-BE54-9A1E7A4F7556}") = "Log in", "..\Log in\Log in.csproj", "{4883FEF9-E0BF-48EE-BF9B-21D3C0381B2C}"
EndProject
Project("{9A19103F-16F7-4668-BE54-9A1E7A4F7556}") = "Strong num", "..\Strong num\Strong num.csproj", "{DE296E1E-3989-403B-8E88-FF8BDBCE1FDC}"
EndProject
Project("{9A19103F-16F7-4668-BE54-9A1E7A4F7556}") = "Triangle", "..\Triangle\Triangle.csproj", "{B48F70AD-A29A-463E-82A2-3345EEFCEC27}"
EndProject
Project("{9A19103F-16F7-4668-BE54-9A1E7A4F7556}") = "Rage", "..\Rage\Rage.csproj", "{BA4152F4-C6C0-4D48-8287-2EC1BF90FD56}"
EndProject
Project("{9A19103F-16F7-4668-BE54-9A1E7A4F7556}") = "Padawan equipment", "..\Padawan equipment\Padawan equipment.csproj", "{31A6AD11-1086-4F5B-9CF5-A4F96E6280DD}"
EndProject
Project("{9A19103F-16F7-4668-BE54-9A1E7A4F7556}") = "Vending machine", "..\Vending machine\Vending machine.csproj", "{C941114E-EDA9-41D4-A774-D8E6DDB6B579}"
EndProject
Project("{FAE04EC0-301F-11D3-BF4B-00C04F79EFBC}") = "Strong number", "..\Strong number\Strong number.csproj", "{31A0633B-0A6B-4BEA-AC3A-A9539AA0AFA5}"
EndProject
Global
	GlobalSection(SolutionConfigurationPlatforms) = preSolution
		Debug|Any CPU = Debug|Any CPU
		Release|Any CPU = Release|Any CPU
	EndGlobalSection
	GlobalSection(ProjectConfigurationPlatforms) = postSolution
		{181C6333-F151-49EE-8849-B25ED1030001}.Debug|Any CPU.ActiveCfg = Debug|Any CPU
		{181C6333-F151-49EE-8849-B25ED1030001}.Debug|Any CPU.Build.0 = Debug|Any CPU
		{181C6333-F151-49EE-8849-B25ED1030001}.Release|Any CPU.ActiveCfg = Release|Any CPU
		{181C6333-F151-49EE-8849-B25ED1030001}.Release|Any CPU.Build.0 = Release|Any CPU
		{31AE1E7E-4987-4FA4-8B2C-B4F8E4A04611}.Debug|Any CPU.ActiveCfg = Debug|Any CPU
		{31AE1E7E-4987-4FA4-8B2C-B4F8E4A04611}.Debug|Any CPU.Build.0 = Debug|Any CPU
		{31AE1E7E-4987-4FA4-8B2C-B4F8E4A04611}.Release|Any CPU.ActiveCfg = Release|Any CPU
		{31AE1E7E-4987-4FA4-8B2C-B4F8E4A04611}.Release|Any CPU.Build.0 = Release|Any CPU
		{0237FB58-A870-481A-B957-FC67B6462B71}.Debug|Any CPU.ActiveCfg = Debug|Any CPU
		{0237FB58-A870-481A-B957-FC67B6462B71}.Debug|Any CPU.Build.0 = Debug|Any CPU
		{0237FB58-A870-481A-B957-FC67B6462B71}.Release|Any CPU.ActiveCfg = Release|Any CPU
		{0237FB58-A870-481A-B957-FC67B6462B71}.Release|Any CPU.Build.0 = Release|Any CPU
		{A00EAFBE-60F0-46E3-96F5-8A0642DE88B4}.Debug|Any CPU.ActiveCfg = Debug|Any CPU
		{A00EAFBE-60F0-46E3-96F5-8A0642DE88B4}.Debug|Any CPU.Build.0 = Debug|Any CPU
		{A00EAFBE-60F0-46E3-96F5-8A0642DE88B4}.Release|Any CPU.ActiveCfg = Release|Any CPU
		{A00EAFBE-60F0-46E3-96F5-8A0642DE88B4}.Release|Any CPU.Build.0 = Release|Any CPU
		{4883FEF9-E0BF-48EE-BF9B-21D3C0381B2C}.Debug|Any CPU.ActiveCfg = Debug|Any CPU
		{4883FEF9-E0BF-48EE-BF9B-21D3C0381B2C}.Debug|Any CPU.Build.0 = Debug|Any CPU
		{4883FEF9-E0BF-48EE-BF9B-21D3C0381B2C}.Release|Any CPU.ActiveCfg = Release|Any CPU
		{4883FEF9-E0BF-48EE-BF9B-21D3C0381B2C}.Release|Any CPU.Build.0 = Release|Any CPU
		{DE296E1E-3989-403B-8E88-FF8BDBCE1FDC}.Debug|Any CPU.ActiveCfg = Debug|Any CPU
		{DE296E1E-3989-403B-8E88-FF8BDBCE1FDC}.Debug|Any CPU.Build.0 = Debug|Any CPU
		{DE296E1E-3989-403B-8E88-FF8BDBCE1FDC}.Release|Any CPU.ActiveCfg = Release|Any CPU
		{DE296E1E-3989-403B-8E88-FF8BDBCE1FDC}.Release|Any CPU.Build.0 = Release|Any CPU
		{B48F70AD-A29A-463E-82A2-3345EEFCEC27}.Debug|Any CPU.ActiveCfg = Debug|Any CPU
		{B48F70AD-A29A-463E-82A2-3345EEFCEC27}.Debug|Any CPU.Build.0 = Debug|Any CPU
		{B48F70AD-A29A-463E-82A2-3345EEFCEC27}.Release|Any CPU.ActiveCfg = Release|Any CPU
		{B48F70AD-A29A-463E-82A2-3345EEFCEC27}.Release|Any CPU.Build.0 = Release|Any CPU
		{BA4152F4-C6C0-4D48-8287-2EC1BF90FD56}.Debug|Any CPU.ActiveCfg = Debug|Any CPU
		{BA4152F4-C6C0-4D48-8287-2EC1BF90FD56}.Debug|Any CPU.Build.0 = Debug|Any CPU
		{BA4152F4-C6C0-4D48-8287-2EC1BF90FD56}.Release|Any CPU.ActiveCfg = Release|Any CPU
		{BA4152F4-C6C0-4D48-8287-2EC1BF90FD56}.Release|Any CPU.Build.0 = Release|Any CPU
		{31A6AD11-1086-4F5B-9CF5-A4F96E6280DD}.Debug|Any CPU.ActiveCfg = Debug|Any CPU
		{31A6AD11-1086-4F5B-9CF5-A4F96E6280DD}.Debug|Any CPU.Build.0 = Debug|Any CPU
		{31A6AD11-1086-4F5B-9CF5-A4F96E6280DD}.Release|Any CPU.ActiveCfg = Release|Any CPU
		{31A6AD11-1086-4F5B-9CF5-A4F96E6280DD}.Release|Any CPU.Build.0 = Release|Any CPU
		{C941114E-EDA9-41D4-A774-D8E6DDB6B579}.Debug|Any CPU.ActiveCfg = Debug|Any CPU
		{C941114E-EDA9-41D4-A774-D8E6DDB6B579}.Debug|Any CPU.Build.0 = Debug|Any CPU
		{C941114E-EDA9-41D4-A774-D8E6DDB6B579}.Release|Any CPU.ActiveCfg = Release|Any CPU
		{C941114E-EDA9-41D4-A774-D8E6DDB6B579}.Release|Any CPU.Build.0 = Release|Any CPU
		{31A0633B-0A6B-4BEA-AC3A-A9539AA0AFA5}.Debug|Any CPU.ActiveCfg = Debug|Any CPU
		{31A0633B-0A6B-4BEA-AC3A-A9539AA0AFA5}.Debug|Any CPU.Build.0 = Debug|Any CPU
		{31A0633B-0A6B-4BEA-AC3A-A9539AA0AFA5}.Release|Any CPU.ActiveCfg = Release|Any CPU
		{31A0633B-0A6B-4BEA-AC3A-A9539AA0AFA5}.Release|Any CPU.Build.0 = Release|Any CPU
	EndGlobalSection
	GlobalSection(SolutionProperties) = preSolution
		HideSolutionNode = FALSE
	EndGlobalSection
	GlobalSection(ExtensibilityGlobals) = postSolution
		SolutionGuid = {A8D43DEC-C49C-4C3F-BD70-8693A03B4793}
	EndGlobalSection
EndGlobal
